
Microsoft Visual Studio Solution File, Format Version 12.00
# Visual Studio 15
VisualStudioVersion = 15.0.27428.2043
MinimumVisualStudioVersion = 10.0.40219.1
Project("{FAE04EC0-301F-11D3-BF4B-00C04F79EFBC}") = "trabalhoTi2Final", "trabalhoTi2Final\trabalhoTi2Final.csproj", "{8EA397B4-489F-48CE-A136-052AAB2B1B5A}"
EndProject
Global
	GlobalSection(SolutionConfigurationPlatforms) = preSolution
		Debug|Any CPU = Debug|Any CPU
		Release|Any CPU = Release|Any CPU
	EndGlobalSection
	GlobalSection(ProjectConfigurationPlatforms) = postSolution
		{8EA397B4-489F-48CE-A136-052AAB2B1B5A}.Debug|Any CPU.ActiveCfg = Debug|Any CPU
		{8EA397B4-489F-48CE-A136-052AAB2B1B5A}.Debug|Any CPU.Build.0 = Debug|Any CPU
		{8EA397B4-489F-48CE-A136-052AAB2B1B5A}.Release|Any CPU.ActiveCfg = Release|Any CPU
		{8EA397B4-489F-48CE-A136-052AAB2B1B5A}.Release|Any CPU.Build.0 = Release|Any CPU
	EndGlobalSection
	GlobalSection(SolutionProperties) = preSolution
		HideSolutionNode = FALSE
	EndGlobalSection
	GlobalSection(ExtensibilityGlobals) = postSolution
		SolutionGuid = {2F6D4C4D-7659-4BB8-B9C6-E0F80ABF30E0}
	EndGlobalSection
EndGlobal
